github.com/PuerkitoBio/goquery v1.12.0 h1:pAcL4g3WRXekcB9AU/y1mbKez2dbY2AajVhtkO8RIBo=
github.com/PuerkitoBio/goquery v1.12.0/go.mod h1:802ej+gV2y7bbIhOIoPY5sT183ZW0YFofScC4q/hIpQ=
github.com/andybalholm/cascadia v1.3.4 h1:vM2lgh0Vru9Vwyfm4cQqWP2HHMW0u0+2PAW7Q38Qufg=
github.com/andybalholm/cascadia v1.3.4/go.mod h1:BLRmbRjpEtNKieZOCCvYj4RqN+KRA41GBe/5O+G93kM=
github.com/atotto/clipboard v0.1.4 h1:EH0zSVneZPSuFR11BlR9YppQTVDbh5+16AmcJi4g1z4=
github.com/atotto/clipboard v0.1.4/go.mod h1:ZY9tmq7sm5xIbd9bOK4onWV4S6X0u6GY7Vn0Yu86PYI=
github.com/clipperhouse/uax29/v2 v2.6.0 h1:z0cDbUV+aPASdFb2/ndFnS9ts/WNXgTNNGFoKXuhpos=
github.com/clipperhouse/uax29/v2 v2.6.0/go.mod h1:Wn1g7MK6OoeDT0vL+Q0SQLDz/KpfsVRgg6W7ihQeh4g=
github.com/cpuguy83/go-md2man/v2 v2.0.6/go.mod h1:oOW0eioCTA6cOiMLiUPZOpcVxMig6NIQQ7OS05n1F4g=
github.com/goark/errs v1.3.4 h1:/+/xwF3UwXGxGGLurzBTaMMoryTBeaPfheJ1aW9cglA=
github.com/goark/errs v1.3.4/go.mod h1:4xM7rorwYQlqh9kUhfKpC5P7VAJW2KfvuQpYnTaU0ek=
github.com/goark/fetch v0.5.3 h1:ZwT5N04BSiPw2tF2gG5MXsmoSr+A/sxE52KJWy/aWzw=
github.com/goark/fetch v0.5.3/go.mod h1:jgu+bn1HN8AfEks+ENqiPJVF99Cvs7cb2dqSujhjsOE=
github.com/goark/gocli v0.14.0 h1:YK8g9vkH4FnnJUplFgiNH9IhDH9uaWKUGaMfaAhBjYc=
github.com/goark/gocli v0.14.0/go.mod h1:FLgDEiCNuj9RSxDQGKiqBTh/n/z9Lk4RJFv30ea/ck0=
github.com/goark/webinfo v0.2.1 h1:zV1GXWy/CjrKrGV0uctVL0pYmBQZ2p4RwEicBo/Ts+E=
github.com/goark/webinfo v0.2.1/go.mod h1:YVik8ELg6fE1bhrI2PoOMXKE/MlmQJWsMr/0UQIATzw=
github.com/inconshreveable/mousetrap v1.1.0 h1:wN+x4NVGpMsO7ErUn/mUI3vEoE6Jt13X2s0bqwp9tc8=
github.com/inconshreveable/mousetrap v1.1.0/go.mod h1:vpF70FUmC8bwa3OWnCshd2FqLfsEA9PFc4w1p2J65bw=
github.com/mattn/go-encoding v0.0.2 h1:OC1L+QXLJge9n7yIE3R5Os/UNasUeFvK3Sa4NjbDi6c=
github.com/mattn/go-encoding v0.0.2/go.mod h1:WUNsdPQLK4JYRzkn8IAdmYKFYGGJ4/9YPxdPoMumPgY=
github.com/mattn/go-isatty v0.0.22 h1:j8l17JJ9i6VGPUFUYoTUKPSgKe/83EYU2zBC7YNKMw4=
github.com/mattn/go-isatty v0.0.22/go.mod h1:ZXfXG4SQHsB/w3ZeOYbR0PrPwLy+n6xiMrJlRFqopa4=
github.com/mattn/go-runewidth v0.0.24 h1:cpokDiIn0MGnhdHwuWnJBITySJ20QyNGnY2kR/ay2DU=
github.com/mattn/go-runewidth v0.0.24/go.mod h1:XBkDxAl56ILZc9knddidhrOlY5R/pDhgLpndooCuJAs=
github.com/mattn/go-tty v0.0.8 h1:yxtc0Ye17/1ne/bjy993YUoyP8bJJFa9n5M9XTdwoZQ=
github.com/mattn/go-tty v0.0.8/go.mod h1:f2i5ZOvXBU/tCABmLmOfzLz9azMo5wdAaElRNnJKr+k=
github.com/nyaosorg/go-readline-ny v1.15.1 h1:12TFVSqjkhkzJ1z3CSpLjC/+bFPKChnNo9vvwTu6Zvk=
github.com/nyaosorg/go-readline-ny v1.15.1/go.mod h1:2VID1NHwImx7IASi6gNrR2WOwsFTlQ79p2D/oL1rsJ0=
github.com/nyaosorg/go-ttyadapter v0.6.2 h1:d1MJTmp/xZhh7rHN81mxVX9aBka70xKWX03q4Grw/ec=
github.com/nyaosorg/go-ttyadapter v0.6.2/go.mod h1:w6ySb/Y8rpr0uIju4vN/TMRHC/6ayabORHmEVs6d/qE=
github.com/russross/blackfriday/v2 v2.1.0/go.mod h1:+Rmxgy9KzJVeS9/2gXHxylqXiyQDYRxCVz55jmeOWTM=
github.com/spf13/cobra v1.10.2 h1:DMTTonx5m65Ic0GOoRY2c16WCbHxOOw6xxezuLaBpcU=
github.com/spf13/cobra v1.10.2/go.mod h1:7C1pvHqHw5A4vrJfjNwvOdzYu0Gml16OCs2GRiTUUS4=
github.com/spf13/pflag v1.0.9/go.mod h1:McXfInJRrz4CZXVZOBLb0bTZqETkiAhM9Iw0y3An2Bg=
github.com/spf13/pflag v1.0.10 h1:4EBh2KAYBwaONj6b2Ye1GiHfwjqyROoF4RwYO+vPwFk=
github.com/spf13/pflag v1.0.10/go.mod h1:McXfInJRrz4CZXVZOBLb0bTZqETkiAhM9Iw0y3An2Bg=
go.yaml.in/yaml/v3 v3.0.4/go.mod h1:DhzuOOF2ATzADvBadXxruRBLzYTpT36CKvDb3+aBEFg=
golang.org/x/image v0.43.0 h1:FLxcP4ec2350nTfOC8ysKtqYSIFbk/QGjw1ZHNP4tsY=
golang.org/x/image v0.43.0/go.mod h1:rrpelvGFt+kLPAjPM4HeWPgrl0FtafueU//e5N0qk/Q=
golang.org/x/net v0.56.0 h1:Rw8j/hFzGvJUZwNBXnAtf5sVDVt+65SK2C7IxCxZt5o=
golang.org/x/net v0.56.0/go.mod h1:D3Ku6r+V6JROoZK144D2XfMHFcMq/0zSfLelVTCFKec=
golang.org/x/sys v0.46.0 h1:noSf2Fq6F8DBgS+LysIkx7rIExoNHJsxOAtPp4rthXw=
golang.org/x/sys v0.46.0/go.mod h1:4GL1E5IUh+htKOUEOaiffhrAeqysfVGipDYzABqnCmw=
golang.org/x/term v0.44.0 h1:0rLvDRCtNj0gZkyIXhCyOb2OAzEhLVqc4B+hrsBhrmc=
golang.org/x/term v0.44.0/go.mod h1:7ze4MdzUzLXpSAoFP1H0bOI9aXDqveSvatT5vKcFh2Y=
golang.org/x/text v0.38.0 h1:sXmwo9DwP3OK9EZ7PqAdaooSGozfl/3a6/xJcbzPRhE=
golang.org/x/text v0.38.0/go.mod h1:YXZt3QhHUKYT53r2lLKFIVi6Ao1jdzrTR/KQ09qyxF4=
gopkg.in/check.v1 v0.0.0-20161208181325-20d25e280405/go.mod h1:Co6ibVJAznAaIkqp8huTwlJQCZ016jof/cbN4VW5Yz0=
